<?xml version="1.0" encoding="utf-8"?>
<Project ToolsVersion="4.0" xmlns="http://schemas.microsoft.com/developer/msbuild/2003">
  <ItemGroup>
    <Filter Include="源文件">
      <UniqueIdentifier>{4FC737F1-C7A5-4376-A066-2A32D752A2FF}</UniqueIdentifier>
      <Extensions>cpp;c;cc;cxx;c++;cppm;ixx;def;odl;idl;hpj;bat;asm;asmx</Extensions>
    </Filter>
    <Filter Include="资源文件">
      <UniqueIdentifier>{67DA6AB6-F800-4c08-8B7A-83BB121AAD01}</UniqueIdentifier>
      <Extensions>rc;ico;cur;bmp;dlg;rc2;rct;bin;rgs;gif;jpg;jpeg;jpe;resx;tiff;tif;png;wav;mfcribbon-ms</Extensions>
    </Filter>
    <Filter Include="头文件">
      <UniqueIdentifier>{498316e2-dde9-4b8c-8bc3-0a4e3eedd902}</UniqueIdentifier>
    </Filter>
  </ItemGroup>
  <ItemGroup>
    <ClCompile Include="src\View\Play_UI.c">
      <Filter>源文件</Filter>
    </ClCompile>
    <ClCompile Include="src\Persistence\Play_Persist.c">
      <Filter>源文件</Filter>
    </ClCompile>
    <ClCompile Include="src\Service\Play.c">
      <Filter>源文件</Filter>
    </ClCompile>
    <ClCompile Include="src\Service\Seat.c">
      <Filter>源文件</Filter>
    </ClCompile>
    <ClCompile Include="src\View\Main_Menu.c">
      <Filter>源文件</Filter>
    </ClCompile>
    <ClCompile Include="src\View\Studio_UI.c">
      <Filter>源文件</Filter>
    </ClCompile>
    <ClCompile Include="src\SafeStdin\safe_stdin.c">
      <Filter>源文件</Filter>
    </ClCompile>
    <ClCompile Include="src\TTMS.c">
      <Filter>源文件</Filter>
    </ClCompile>
    <ClCompile Include="src\Common\common.c">
      <Filter>源文件</Filter>
    </ClCompile>
    <ClCompile Include="src\Persistence\EntityKey_Persist.c">
      <Filter>源文件</Filter>
    </ClCompile>
    <ClCompile Include="src\Common\listTestDrv.c">
      <Filter>源文件</Filter>
    </ClCompile>
    <ClCompile Include="src\Persistence\Seat_Persist.c">
      <Filter>源文件</Filter>
    </ClCompile>
    <ClCompile Include="src\View\Seat_UI.c">
      <Filter>源文件</Filter>
    </ClCompile>
    <ClCompile Include="src\Service\Studio.c">
      <Filter>源文件</Filter>
    </ClCompile>
    <ClCompile Include="src\Persistence\Studio_Persist.c">
      <Filter>源文件</Filter>
    </ClCompile>
  </ItemGroup>
  <ItemGroup>
    <ClInclude Include="src\Service\Play.h">
      <Filter>头文件</Filter>
    </ClInclude>
    <ClInclude Include="src\View\Play_UI.h">
      <Filter>头文件</Filter>
    </ClInclude>
    <ClInclude Include="src\Persistence\Play_Persist.h">
      <Filter>头文件</Filter>
    </ClInclude>
    <ClInclude Include="src\SafeStdin\safe_stdin.h">
      <Filter>头文件</Filter>
    </ClInclude>
    <ClInclude Include="src\View\Main_Menu.h">
      <Filter>头文件</Filter>
    </ClInclude>
    <ClInclude Include="src\Persistence\EntityKey_Persist.h">
      <Filter>头文件</Filter>
    </ClInclude>
    <ClInclude Include="src\Persistence\Seat_Persist.h">
      <Filter>头文件</Filter>
    </ClInclude>
    <ClInclude Include="src\Service\Seat.h">
      <Filter>头文件</Filter>
    </ClInclude>
    <ClInclude Include="src\View\Seat_UI.h">
      <Filter>头文件</Filter>
    </ClInclude>
    <ClInclude Include="src\Service\Studio.h">
      <Filter>头文件</Filter>
    </ClInclude>
    <ClInclude Include="src\Persistence\Studio_Persist.h">
      <Filter>头文件</Filter>
    </ClInclude>
    <ClInclude Include="src\View\Studio_UI.h">
      <Filter>头文件</Filter>
    </ClInclude>
    <ClInclude Include="src\Common\listTestDrv.h">
      <Filter>头文件</Filter>
    </ClInclude>
    <ClInclude Include="src\Common\common.h">
      <Filter>头文件</Filter>
    </ClInclude>
    <ClInclude Include="src\Common\List.h">
      <Filter>头文件</Filter>
    </ClInclude>
  </ItemGroup>
</Project>